
Microsoft Visual Studio Solution File, Format Version 12.00
# Visual Studio 15
VisualStudioVersion = 15.0.28010.2036
MinimumVisualStudioVersion = 10.0.40219.1
Project("{262852C6-CD72-467D-83FE-5EEB1973A190}") = "CordovaDatabaseMobileApp", "CordovaDatabaseMobileApp\CordovaDatabaseMobileApp.jsproj", "{33779B67-2D2E-41D1-BE19-64793EF64E6A}"
EndProject
Global
	GlobalSection(SolutionConfigurationPlatforms) = preSolution
		Debug|Android = Debug|Android
		Debug|iOS = Debug|iOS
		Debug|Windows-ARM = Debug|Windows-ARM
		Debug|Windows-x64 = Debug|Windows-x64
		Debug|Windows-x86 = Debug|Windows-x86
		Release|Android = Release|Android
		Release|iOS = Release|iOS
		Release|Windows-ARM = Release|Windows-ARM
		Release|Windows-x64 = Release|Windows-x64
		Release|Windows-x86 = Release|Windows-x86
	EndGlobalSection
	GlobalSection(ProjectConfigurationPlatforms) = postSolution
		{33779B67-2D2E-41D1-BE19-64793EF64E6A}.Debug|Android.ActiveCfg = Debug|Android
		{33779B67-2D2E-41D1-BE19-64793EF64E6A}.Debug|Android.Build.0 = Debug|Android
		{33779B67-2D2E-41D1-BE19-64793EF64E6A}.Debug|Android.Deploy.0 = Debug|Android
		{33779B67-2D2E-41D1-BE19-64793EF64E6A}.Debug|iOS.ActiveCfg = Debug|iOS
		{33779B67-2D2E-41D1-BE19-64793EF64E6A}.Debug|iOS.Build.0 = Debug|iOS
		{33779B67-2D2E-41D1-BE19-64793EF64E6A}.Debug|iOS.Deploy.0 = Debug|iOS
		{33779B67-2D2E-41D1-BE19-64793EF64E6A}.Debug|Windows-ARM.ActiveCfg = Debug|Windows-ARM
		{33779B67-2D2E-41D1-BE19-64793EF64E6A}.Debug|Windows-ARM.Build.0 = Debug|Windows-ARM
		{33779B67-2D2E-41D1-BE19-64793EF64E6A}.Debug|Windows-ARM.Deploy.0 = Debug|Windows-ARM
		{33779B67-2D2E-41D1-BE19-64793EF64E6A}.Debug|Windows-x64.ActiveCfg = Debug|Windows-x64
		{33779B67-2D2E-41D1-BE19-64793EF64E6A}.Debug|Windows-x64.Build.0 = Debug|Windows-x64
		{33779B67-2D2E-41D1-BE19-64793EF64E6A}.Debug|Windows-x64.Deploy.0 = Debug|Windows-x64
		{33779B67-2D2E-41D1-BE19-64793EF64E6A}.Debug|Windows-x86.ActiveCfg = Debug|Windows-x86
		{33779B67-2D2E-41D1-BE19-64793EF64E6A}.Debug|Windows-x86.Build.0 = Debug|Windows-x86
		{33779B67-2D2E-41D1-BE19-64793EF64E6A}.Debug|Windows-x86.Deploy.0 = Debug|Windows-x86
		{33779B67-2D2E-41D1-BE19-64793EF64E6A}.Release|Android.ActiveCfg = Release|Android
		{33779B67-2D2E-41D1-BE19-64793EF64E6A}.Release|Android.Build.0 = Release|Android
		{33779B67-2D2E-41D1-BE19-64793EF64E6A}.Release|Android.Deploy.0 = Release|Android
		{33779B67-2D2E-41D1-BE19-64793EF64E6A}.Release|iOS.ActiveCfg = Release|iOS
		{33779B67-2D2E-41D1-BE19-64793EF64E6A}.Release|iOS.Build.0 = Release|iOS
		{33779B67-2D2E-41D1-BE19-64793EF64E6A}.Release|iOS.Deploy.0 = Release|iOS
		{33779B67-2D2E-41D1-BE19-64793EF64E6A}.Release|Windows-ARM.ActiveCfg = Release|Windows-ARM
		{33779B67-2D2E-41D1-BE19-64793EF64E6A}.Release|Windows-ARM.Build.0 = Release|Windows-ARM
		{33779B67-2D2E-41D1-BE19-64793EF64E6A}.Release|Windows-ARM.Deploy.0 = Release|Windows-ARM
		{33779B67-2D2E-41D1-BE19-64793EF64E6A}.Release|Windows-x64.ActiveCfg = Release|Windows-x64
		{33779B67-2D2E-41D1-BE19-64793EF64E6A}.Release|Windows-x64.Build.0 = Release|Windows-x64
		{33779B67-2D2E-41D1-BE19-64793EF64E6A}.Release|Windows-x64.Deploy.0 = Release|Windows-x64
		{33779B67-2D2E-41D1-BE19-64793EF64E6A}.Release|Windows-x86.ActiveCfg = Release|Windows-x86
		{33779B67-2D2E-41D1-BE19-64793EF64E6A}.Release|Windows-x86.Build.0 = Release|Windows-x86
		{33779B67-2D2E-41D1-BE19-64793EF64E6A}.Release|Windows-x86.Deploy.0 = Release|Windows-x86
	EndGlobalSection
	GlobalSection(SolutionProperties) = preSolution
		HideSolutionNode = FALSE
	EndGlobalSection
	GlobalSection(ExtensibilityGlobals) = postSolution
		SolutionGuid = {ED22BBC0-5D63-437D-82AB-884571B69BD0}
	EndGlobalSection
EndGlobal
